{
  "name": "zy",
  "lockfileVersion": 3,
  "requires": true,
  "packages": {
    "": {
      "dependencies": {
        "smallfawn": "^1.2.3"
      }
    },
    "node_modules/smallfawn": {
      "version": "1.2.3",
      "resolved": "https://registry.npmjs.org/smallfawn/-/smallfawn-1.2.3.tgz",
      "integrity": "sha512-Idj07ZQBQz7Wd99xHPm0ipgEqIYQW1iqGaMEceXpIUKO8zueK8sssKfyQW9sgyC/84xSBhyexseMxfbDE9gdzg==",
      "license": "ISC"
    }
  }
}
